
Microsoft Visual Studio Solution File, Format Version 12.00
# Visual Studio Version 17
VisualStudioVersion = 17.4.33213.308
MinimumVisualStudioVersion = 10.0.40219.1
Project("{FAE04EC0-301F-11D3-BF4B-00C04F79EFBC}") = "Project.DAL", "Project.DAL\Project.DAL.csproj", "{139F2797-D9F4-4286-B4F2-AB50F9B6DFDD}"
EndProject
Global
	GlobalSection(SolutionConfigurationPlatforms) = preSolution
		Debug|Any CPU = Debug|Any CPU
		Release|Any CPU = Release|Any CPU
	EndGlobalSection
	GlobalSection(ProjectConfigurationPlatforms) = postSolution
		{139F2797-D9F4-4286-B4F2-AB50F9B6DFDD}.Debug|Any CPU.ActiveCfg = Debug|Any CPU
		{139F2797-D9F4-4286-B4F2-AB50F9B6DFDD}.Debug|Any CPU.Build.0 = Debug|Any CPU
		{139F2797-D9F4-4286-B4F2-AB50F9B6DFDD}.Release|Any CPU.ActiveCfg = Release|Any CPU
		{139F2797-D9F4-4286-B4F2-AB50F9B6DFDD}.Release|Any CPU.Build.0 = Release|Any CPU
	EndGlobalSection
	GlobalSection(SolutionProperties) = preSolution
		HideSolutionNode = FALSE
	EndGlobalSection
	GlobalSection(ExtensibilityGlobals) = postSolution
		SolutionGuid = {799F0544-0D0D-4238-85E3-375D74C64775}
	EndGlobalSection
EndGlobal
