
Microsoft Visual Studio Solution File, Format Version 12.00
# Visual Studio Version 17
VisualStudioVersion = 17.4.33213.308
MinimumVisualStudioVersion = 10.0.40219.1
Project("{9A19103F-16F7-4668-BE54-9A1E7A4F7556}") = "Project.DAL", "Project.DAL\Project.DAL.csproj", "{139F2797-D9F4-4286-B4F2-AB50F9B6DFDD}"
EndProject
Project("{9A19103F-16F7-4668-BE54-9A1E7A4F7556}") = "Project.DAL.Tests", "Project.DAL.Tests\Project.DAL.Tests.csproj", "{FB38A8B6-B842-489E-B295-8EFEB4498F50}"
EndProject
Project("{9A19103F-16F7-4668-BE54-9A1E7A4F7556}") = "Project.Common.Tests", "Project.Common.Tests\Project.Common.Tests.csproj", "{BC2E1396-EA2B-4E0C-83B6-4A583F2C985D}"
EndProject
Project("{FAE04EC0-301F-11D3-BF4B-00C04F79EFBC}") = "Project.BL", "Project.BL\Project.BL.csproj", "{E877AD43-3499-4B39-B07C-A3234CA344EE}"
EndProject
Project("{FAE04EC0-301F-11D3-BF4B-00C04F79EFBC}") = "Project.BL.Tests", "Project.BL.Tests\Project.BL.Tests.csproj", "{8B4FC077-8079-42E7-8184-CA2ABE57E456}"
EndProject
Global
	GlobalSection(SolutionConfigurationPlatforms) = preSolution
		Debug|Any CPU = Debug|Any CPU
		Release|Any CPU = Release|Any CPU
	EndGlobalSection
	GlobalSection(ProjectConfigurationPlatforms) = postSolution
		{139F2797-D9F4-4286-B4F2-AB50F9B6DFDD}.Debug|Any CPU.ActiveCfg = Debug|Any CPU
		{139F2797-D9F4-4286-B4F2-AB50F9B6DFDD}.Debug|Any CPU.Build.0 = Debug|Any CPU
		{139F2797-D9F4-4286-B4F2-AB50F9B6DFDD}.Release|Any CPU.ActiveCfg = Release|Any CPU
		{139F2797-D9F4-4286-B4F2-AB50F9B6DFDD}.Release|Any CPU.Build.0 = Release|Any CPU
		{FB38A8B6-B842-489E-B295-8EFEB4498F50}.Debug|Any CPU.ActiveCfg = Debug|Any CPU
		{FB38A8B6-B842-489E-B295-8EFEB4498F50}.Debug|Any CPU.Build.0 = Debug|Any CPU
		{FB38A8B6-B842-489E-B295-8EFEB4498F50}.Release|Any CPU.ActiveCfg = Release|Any CPU
		{FB38A8B6-B842-489E-B295-8EFEB4498F50}.Release|Any CPU.Build.0 = Release|Any CPU
		{BC2E1396-EA2B-4E0C-83B6-4A583F2C985D}.Debug|Any CPU.ActiveCfg = Debug|Any CPU
		{BC2E1396-EA2B-4E0C-83B6-4A583F2C985D}.Debug|Any CPU.Build.0 = Debug|Any CPU
		{BC2E1396-EA2B-4E0C-83B6-4A583F2C985D}.Release|Any CPU.ActiveCfg = Release|Any CPU
		{BC2E1396-EA2B-4E0C-83B6-4A583F2C985D}.Release|Any CPU.Build.0 = Release|Any CPU
		{E877AD43-3499-4B39-B07C-A3234CA344EE}.Debug|Any CPU.ActiveCfg = Debug|Any CPU
		{E877AD43-3499-4B39-B07C-A3234CA344EE}.Debug|Any CPU.Build.0 = Debug|Any CPU
		{E877AD43-3499-4B39-B07C-A3234CA344EE}.Release|Any CPU.ActiveCfg = Release|Any CPU
		{E877AD43-3499-4B39-B07C-A3234CA344EE}.Release|Any CPU.Build.0 = Release|Any CPU
		{8B4FC077-8079-42E7-8184-CA2ABE57E456}.Debug|Any CPU.ActiveCfg = Debug|Any CPU
		{8B4FC077-8079-42E7-8184-CA2ABE57E456}.Debug|Any CPU.Build.0 = Debug|Any CPU
		{8B4FC077-8079-42E7-8184-CA2ABE57E456}.Release|Any CPU.ActiveCfg = Release|Any CPU
		{8B4FC077-8079-42E7-8184-CA2ABE57E456}.Release|Any CPU.Build.0 = Release|Any CPU
	EndGlobalSection
	GlobalSection(SolutionProperties) = preSolution
		HideSolutionNode = FALSE
	EndGlobalSection
	GlobalSection(ExtensibilityGlobals) = postSolution
		SolutionGuid = {799F0544-0D0D-4238-85E3-375D74C64775}
	EndGlobalSection
EndGlobal
